
Microsoft Visual Studio Solution File, Format Version 12.00
# Visual Studio 15
VisualStudioVersion = 15.0.28307.572
MinimumVisualStudioVersion = 10.0.40219.1
Project("{FAE04EC0-301F-11D3-BF4B-00C04F79EFBC}") = "AdminPersonas", "AdminPersonas\AdminPersonas.csproj", "{E3E6F358-8C32-41F9-9209-18ACC2955072}"
EndProject
Project("{FAE04EC0-301F-11D3-BF4B-00C04F79EFBC}") = "Procesos", "Process\Procesos.csproj", "{30EB9816-5A93-4C06-9A3B-5A45DFAE889C}"
EndProject
Global
	GlobalSection(SolutionConfigurationPlatforms) = preSolution
		Debug|Any CPU = Debug|Any CPU
		Release|Any CPU = Release|Any CPU
	EndGlobalSection
	GlobalSection(ProjectConfigurationPlatforms) = postSolution
		{E3E6F358-8C32-41F9-9209-18ACC2955072}.Debug|Any CPU.ActiveCfg = Debug|Any CPU
		{E3E6F358-8C32-41F9-9209-18ACC2955072}.Debug|Any CPU.Build.0 = Debug|Any CPU
		{E3E6F358-8C32-41F9-9209-18ACC2955072}.Release|Any CPU.ActiveCfg = Release|Any CPU
		{E3E6F358-8C32-41F9-9209-18ACC2955072}.Release|Any CPU.Build.0 = Release|Any CPU
		{30EB9816-5A93-4C06-9A3B-5A45DFAE889C}.Debug|Any CPU.ActiveCfg = Debug|Any CPU
		{30EB9816-5A93-4C06-9A3B-5A45DFAE889C}.Debug|Any CPU.Build.0 = Debug|Any CPU
		{30EB9816-5A93-4C06-9A3B-5A45DFAE889C}.Release|Any CPU.ActiveCfg = Release|Any CPU
		{30EB9816-5A93-4C06-9A3B-5A45DFAE889C}.Release|Any CPU.Build.0 = Release|Any CPU
	EndGlobalSection
	GlobalSection(SolutionProperties) = preSolution
		HideSolutionNode = FALSE
	EndGlobalSection
	GlobalSection(ExtensibilityGlobals) = postSolution
		SolutionGuid = {C34850B7-6657-40EE-A7C0-05AD3E1139ED}
	EndGlobalSection
EndGlobal
